PODS:
  - AFNetworking (2.6.3):
    - AFNetworking/NSURLConnection (= 2.6.3)
    - AFNetworking/NSURLSession (= 2.6.3)
    - AFNetworking/Reachability (= 2.6.3)
    - AFNetworking/Security (= 2.6.3)
    - AFNetworking/Serialization (= 2.6.3)
    - AFNetworking/UIKit (= 2.6.3)
  - AFNetworking/NSURLConnection (2.6.3):
    - AFNetworking/Reachability
    - AFNetworking/Security
    - AFNetworking/Serialization
  - AFNetworking/NSURLSession (2.6.3):
    - AFNetworking/Reachability
    - AFNetworking/Security
    - AFNetworking/Serialization
  - AFNetworking/Reachability (2.6.3)
  - AFNetworking/Security (2.6.3)
  - AFNetworking/Serialization (2.6.3)
  - AFNetworking/UIKit (2.6.3):
    - AFNetworking/NSURLConnection
    - AFNetworking/NSURLSession
  - FBSnapshotTestCase (2.1.0):
    - FBSnapshotTestCase/SwiftSupport (= 2.1.0)
  - FBSnapshotTestCase/Core (2.1.0)
  - FBSnapshotTestCase/SwiftSupport (2.1.0):
    - FBSnapshotTestCase/Core
  - LCKit (1.0.4):
    - LCKit/CommonTools (= 1.0.4)
    - LCKit/NetworkEngine (= 1.0.4)
  - LCKit/CommonTools (1.0.4)
  - LCKit/NetworkEngine (1.0.4):
    - AFNetworking (~> 2.3)

DEPENDENCIES:
  - FBSnapshotTestCase
  - LCKit (from `../`)

EXTERNAL SOURCES:
  LCKit:
    :path: ../

SPEC CHECKSUMS:
  AFNetworking: cb8d14a848e831097108418f5d49217339d4eb60
  FBSnapshotTestCase: 366ecd378511d7716c79991cd8067d1eed23578d
  LCKit: ddb02733e90a0f3c4c51e6e4fb7a4c4e0b295a94

COCOAPODS: 0.39.0
